// !$*UTF8*$!
{
	archiveVersion = 1;
	classes = {
	};
	objectVersion = 56;
	objects = {

/* Begin PBXBuildFile section */
		185B79CB29D46B8700CA488D /* Categories.swift in Sources */ = {isa = PBXBuildFile; fileRef = 185B79CA29D46B8700CA488D /* Categories.swift */; };
		185B79CF29D4BA7100CA488D /* Sis.swift in Sources */ = {isa = PBXBuildFile; fileRef = 185B79CE29D4BA7100CA488D /* Sis.swift */; };
		185B79D429D4D63E00CA488D /* HomeViewModel.swift in Sources */ = {isa = PBXBuildFile; fileRef = 185B79D329D4D63E00CA488D /* HomeViewModel.swift */; };
		18BDD24329C8CE92007C79F9 /* TestProjectApp.swift in Sources */ = {isa = PBXBuildFile; fileRef = 18BDD24229C8CE92007C79F9 /* TestProjectApp.swift */; };
		18BDD24529C8CE92007C79F9 /* ContentView.swift in Sources */ = {isa = PBXBuildFile; fileRef = 18BDD24429C8CE92007C79F9 /* ContentView.swift */; };
		18BDD24729C8CE94007C79F9 /* Assets.xcassets in Resources */ = {isa = PBXBuildFile; fileRef = 18BDD24629C8CE94007C79F9 /* Assets.xcassets */; };
		18BDD24A29C8CE94007C79F9 /* Preview Assets.xcassets in Resources */ = {isa = PBXBuildFile; fileRef = 18BDD24929C8CE94007C79F9 /* Preview Assets.xcassets */; };
		18BDD24F29C8CE94007C79F9 /* TestProject.xcdatamodeld in Sources */ = {isa = PBXBuildFile; fileRef = 18BDD24D29C8CE94007C79F9 /* TestProject.xcdatamodeld */; };
		18BDD25729C8D163007C79F9 /* LoginView.swift in Sources */ = {isa = PBXBuildFile; fileRef = 18BDD25629C8D163007C79F9 /* LoginView.swift */; };
		18BDD25929C8D19A007C79F9 /* LoginViewModel.swift in Sources */ = {isa = PBXBuildFile; fileRef = 18BDD25829C8D19A007C79F9 /* LoginViewModel.swift */; };
		18BDD25C29C8D1D6007C79F9 /* CustomTextField.swift in Sources */ = {isa = PBXBuildFile; fileRef = 18BDD25B29C8D1D6007C79F9 /* CustomTextField.swift */; };
		18BDD26029C8D24D007C79F9 /* Regex.swift in Sources */ = {isa = PBXBuildFile; fileRef = 18BDD25F29C8D24D007C79F9 /* Regex.swift */; };
		18BDD26729C9036B007C79F9 /* HomeView.swift in Sources */ = {isa = PBXBuildFile; fileRef = 18BDD26629C9036B007C79F9 /* HomeView.swift */; };
		18BDD26C29C90482007C79F9 /* TabItems.swift in Sources */ = {isa = PBXBuildFile; fileRef = 18BDD26B29C90482007C79F9 /* TabItems.swift */; };
		18BDD27429CCDE7B007C79F9 /* CoreDataManager.swift in Sources */ = {isa = PBXBuildFile; fileRef = 18BDD27329CCDE7B007C79F9 /* CoreDataManager.swift */; };
		18BDD27829D30253007C79F9 /* TabBarView.swift in Sources */ = {isa = PBXBuildFile; fileRef = 18BDD27729D30253007C79F9 /* TabBarView.swift */; };
/* End PBXBuildFile section */

/* Begin PBXFileReference section */
		185B79CA29D46B8700CA488D /* Categories.swift */ = {isa = PBXFileReference; lastKnownFileType = sourcecode.swift; path = Categories.swift; sourceTree = "<group>"; };
		185B79CE29D4BA7100CA488D /* Sis.swift */ = {isa = PBXFileReference; lastKnownFileType = sourcecode.swift; path = Sis.swift; sourceTree = "<group>"; };
		185B79D329D4D63E00CA488D /* HomeViewModel.swift */ = {isa = PBXFileReference; lastKnownFileType = sourcecode.swift; path = HomeViewModel.swift; sourceTree = "<group>"; };
		18BDD23F29C8CE92007C79F9 /* TestProject.app */ = {isa = PBXFileReference; explicitFileType = wrapper.application; includeInIndex = 0; path = TestProject.app; sourceTree = BUILT_PRODUCTS_DIR; };
		18BDD24229C8CE92007C79F9 /* TestProjectApp.swift */ = {isa = PBXFileReference; lastKnownFileType = sourcecode.swift; path = TestProjectApp.swift; sourceTree = "<group>"; };
		18BDD24429C8CE92007C79F9 /* ContentView.swift */ = {isa = PBXFileReference; lastKnownFileType = sourcecode.swift; path = ContentView.swift; sourceTree = "<group>"; };
		18BDD24629C8CE94007C79F9 /* Assets.xcassets */ = {isa = PBXFileReference; lastKnownFileType = folder.assetcatalog; path = Assets.xcassets; sourceTree = "<group>"; };
		18BDD24929C8CE94007C79F9 /* Preview Assets.xcassets */ = {isa = PBXFileReference; lastKnownFileType = folder.assetcatalog; path = "Preview Assets.xcassets"; sourceTree = "<group>"; };
		18BDD24E29C8CE94007C79F9 /* TestProject.xcdatamodel */ = {isa = PBXFileReference; lastKnownFileType = wrapper.xcdatamodel; path = TestProject.xcdatamodel; sourceTree = "<group>"; };
		18BDD25629C8D163007C79F9 /* LoginView.swift */ = {isa = PBXFileReference; lastKnownFileType = sourcecode.swift; path = LoginView.swift; sourceTree = "<group>"; };
		18BDD25829C8D19A007C79F9 /* LoginViewModel.swift */ = {isa = PBXFileReference; lastKnownFileType = sourcecode.swift; path = LoginViewModel.swift; sourceTree = "<group>"; };
		18BDD25B29C8D1D6007C79F9 /* CustomTextField.swift */ = {isa = PBXFileReference; lastKnownFileType = sourcecode.swift; path = CustomTextField.swift; sourceTree = "<group>"; };
		18BDD25F29C8D24D007C79F9 /* Regex.swift */ = {isa = PBXFileReference; lastKnownFileType = sourcecode.swift; path = Regex.swift; sourceTree = "<group>"; };
		18BDD26629C9036B007C79F9 /* HomeView.swift */ = {isa = PBXFileReference; lastKnownFileType = sourcecode.swift; path = HomeView.swift; sourceTree = "<group>"; };
		18BDD26B29C90482007C79F9 /* TabItems.swift */ = {isa = PBXFileReference; lastKnownFileType = sourcecode.swift; path = TabItems.swift; sourceTree = "<group>"; };
		18BDD27329CCDE7B007C79F9 /* CoreDataManager.swift */ = {isa = PBXFileReference; lastKnownFileType = sourcecode.swift; path = CoreDataManager.swift; sourceTree = "<group>"; };
		18BDD27729D30253007C79F9 /* TabBarView.swift */ = {isa = PBXFileReference; lastKnownFileType = sourcecode.swift; path = TabBarView.swift; sourceTree = "<group>"; };
/* End PBXFileReference section */

/* Begin PBXFrameworksBuildPhase section */
		18BDD23C29C8CE92007C79F9 /* Frameworks */ = {
			isa = PBXFrameworksBuildPhase;
			buildActionMask = 2147483647;
			files = (
			);
			runOnlyForDeploymentPostprocessing = 0;
		};
/* End PBXFrameworksBuildPhase section */

/* Begin PBXGroup section */
		18BDD23629C8CE92007C79F9 = {
			isa = PBXGroup;
			children = (
				18BDD24129C8CE92007C79F9 /* TestProject */,
				18BDD24029C8CE92007C79F9 /* Products */,
			);
			sourceTree = "<group>";
		};
		18BDD24029C8CE92007C79F9 /* Products */ = {
			isa = PBXGroup;
			children = (
				18BDD23F29C8CE92007C79F9 /* TestProject.app */,
			);
			name = Products;
			sourceTree = "<group>";
		};
		18BDD24129C8CE92007C79F9 /* TestProject */ = {
			isa = PBXGroup;
			children = (
				18BDD26429C90351007C79F9 /* Home */,
				18BDD25529C8D143007C79F9 /* Login */,
				18BDD27929D304F7007C79F9 /* Extensions */,
				18BDD24229C8CE92007C79F9 /* TestProjectApp.swift */,
				18BDD24429C8CE92007C79F9 /* ContentView.swift */,
				18BDD24629C8CE94007C79F9 /* Assets.xcassets */,
				18BDD24829C8CE94007C79F9 /* Preview Content */,
			);
			path = TestProject;
			sourceTree = "<group>";
		};
		18BDD24829C8CE94007C79F9 /* Preview Content */ = {
			isa = PBXGroup;
			children = (
				18BDD24929C8CE94007C79F9 /* Preview Assets.xcassets */,
			);
			path = "Preview Content";
			sourceTree = "<group>";
		};
		18BDD25529C8D143007C79F9 /* Login */ = {
			isa = PBXGroup;
			children = (
				18BDD27029CCA15F007C79F9 /* Core Data */,
				18BDD25E29C8D23B007C79F9 /* Enum */,
				18BDD25D29C8D202007C79F9 /* ViewModels */,
				18BDD25A29C8D1BF007C79F9 /* Views */,
			);
			path = Login;
			sourceTree = "<group>";
		};
		18BDD25A29C8D1BF007C79F9 /* Views */ = {
			isa = PBXGroup;
			children = (
				18BDD25629C8D163007C79F9 /* LoginView.swift */,
				18BDD25B29C8D1D6007C79F9 /* CustomTextField.swift */,
			);
			path = Views;
			sourceTree = "<group>";
		};
		18BDD25D29C8D202007C79F9 /* ViewModels */ = {
			isa = PBXGroup;
			children = (
				18BDD25829C8D19A007C79F9 /* LoginViewModel.swift */,
			);
			path = ViewModels;
			sourceTree = "<group>";
		};
		18BDD25E29C8D23B007C79F9 /* Enum */ = {
			isa = PBXGroup;
			children = (
				18BDD25F29C8D24D007C79F9 /* Regex.swift */,
			);
			path = Enum;
			sourceTree = "<group>";
		};
		18BDD26429C90351007C79F9 /* Home */ = {
			isa = PBXGroup;
			children = (
				18BDD26A29C90470007C79F9 /* Models */,
				18BDD26529C9035B007C79F9 /* Views */,
			);
			path = Home;
			sourceTree = "<group>";
		};
		18BDD26529C9035B007C79F9 /* Views */ = {
			isa = PBXGroup;
			children = (
				18BDD26629C9036B007C79F9 /* HomeView.swift */,
				18BDD27729D30253007C79F9 /* TabBarView.swift */,
			);
			path = Views;
			sourceTree = "<group>";
		};
		18BDD26A29C90470007C79F9 /* Models */ = {
			isa = PBXGroup;
			children = (
				18BDD26B29C90482007C79F9 /* TabItems.swift */,
				185B79CA29D46B8700CA488D /* Categories.swift */,
				185B79CE29D4BA7100CA488D /* Sis.swift */,
				185B79D329D4D63E00CA488D /* HomeViewModel.swift */,
			);
			path = Models;
			sourceTree = "<group>";
		};
		18BDD27029CCA15F007C79F9 /* Core Data */ = {
			isa = PBXGroup;
			children = (
				18BDD27329CCDE7B007C79F9 /* CoreDataManager.swift */,
				18BDD24D29C8CE94007C79F9 /* TestProject.xcdatamodeld */,
			);
			path = "Core Data";
			sourceTree = "<group>";
		};
		18BDD27929D304F7007C79F9 /* Extensions */ = {
			isa = PBXGroup;
			children = (
			);
			path = Extensions;
			sourceTree = "<group>";
		};
/* End PBXGroup section */

/* Begin PBXNativeTarget section */
		18BDD23E29C8CE92007C79F9 /* TestProject */ = {
			isa = PBXNativeTarget;
			buildConfigurationList = 18BDD25229C8CE94007C79F9 /* Build configuration list for PBXNativeTarget "TestProject" */;
			buildPhases = (
				18BDD23B29C8CE92007C79F9 /* Sources */,
				18BDD23C29C8CE92007C79F9 /* Frameworks */,
				18BDD23D29C8CE92007C79F9 /* Resources */,
			);
			buildRules = (
			);
			dependencies = (
			);
			name = TestProject;
			productName = TestProject;
			productReference = 18BDD23F29C8CE92007C79F9 /* TestProject.app */;
			productType = "com.apple.product-type.application";
		};
/* End PBXNativeTarget section */

/* Begin PBXProject section */
		18BDD23729C8CE92007C79F9 /* Project object */ = {
			isa = PBXProject;
			attributes = {
				BuildIndependentTargetsInParallel = 1;
				LastSwiftUpdateCheck = 1420;
				LastUpgradeCheck = 1420;
				TargetAttributes = {
					18BDD23E29C8CE92007C79F9 = {
						CreatedOnToolsVersion = 14.2;
					};
				};
			};
			buildConfigurationList = 18BDD23A29C8CE92007C79F9 /* Build configuration list for PBXProject "TestProject" */;
			compatibilityVersion = "Xcode 14.0";
			developmentRegion = en;
			hasScannedForEncodings = 0;
			knownRegions = (
				en,
				Base,
			);
			mainGroup = 18BDD23629C8CE92007C79F9;
			productRefGroup = 18BDD24029C8CE92007C79F9 /* Products */;
			projectDirPath = "";
			projectRoot = "";
			targets = (
				18BDD23E29C8CE92007C79F9 /* TestProject */,
			);
		};
/* End PBXProject section */

/* Begin PBXResourcesBuildPhase section */
		18BDD23D29C8CE92007C79F9 /* Resources */ = {
			isa = PBXResourcesBuildPhase;
			buildActionMask = 2147483647;
			files = (
				18BDD24A29C8CE94007C79F9 /* Preview Assets.xcassets in Resources */,
				18BDD24729C8CE94007C79F9 /* Assets.xcassets in Resources */,
			);
			runOnlyForDeploymentPostprocessing = 0;
		};
/* End PBXResourcesBuildPhase section */

/* Begin PBXSourcesBuildPhase section */
		18BDD23B29C8CE92007C79F9 /* Sources */ = {
			isa = PBXSourcesBuildPhase;
			buildActionMask = 2147483647;
			files = (
				18BDD26729C9036B007C79F9 /* HomeView.swift in Sources */,
				18BDD27829D30253007C79F9 /* TabBarView.swift in Sources */,
				18BDD25C29C8D1D6007C79F9 /* CustomTextField.swift in Sources */,
				18BDD26029C8D24D007C79F9 /* Regex.swift in Sources */,
				18BDD24529C8CE92007C79F9 /* ContentView.swift in Sources */,
				185B79CB29D46B8700CA488D /* Categories.swift in Sources */,
				185B79CF29D4BA7100CA488D /* Sis.swift in Sources */,
				18BDD26C29C90482007C79F9 /* TabItems.swift in Sources */,
				18BDD25929C8D19A007C79F9 /* LoginViewModel.swift in Sources */,
				18BDD24329C8CE92007C79F9 /* TestProjectApp.swift in Sources */,
				18BDD25729C8D163007C79F9 /* LoginView.swift in Sources */,
				18BDD24F29C8CE94007C79F9 /* TestProject.xcdatamodeld in Sources */,
				185B79D429D4D63E00CA488D /* HomeViewModel.swift in Sources */,
				18BDD27429CCDE7B007C79F9 /* CoreDataManager.swift in Sources */,
			);
			runOnlyForDeploymentPostprocessing = 0;
		};
/* End PBXSourcesBuildPhase section */

/* Begin XCBuildConfiguration section */
		18BDD25029C8CE94007C79F9 /* Debug */ = {
			isa = XCBuildConfiguration;
			buildSettings = {
				ALWAYS_SEARCH_USER_PATHS = NO;
				CLANG_ANALYZER_NONNULL = YES;
				CLANG_ANALYZER_NUMBER_OBJECT_CONVERSION = YES_AGGRESSIVE;
				CLANG_CXX_LANGUAGE_STANDARD = "gnu++20";
				CLANG_ENABLE_MODULES = YES;
				CLANG_ENABLE_OBJC_ARC = YES;
				CLANG_ENABLE_OBJC_WEAK = YES;
				CLANG_WARN_BLOCK_CAPTURE_AUTORELEASING = YES;
				CLANG_WARN_BOOL_CONVERSION = YES;
				CLANG_WARN_COMMA = YES;
				CLANG_WARN_CONSTANT_CONVERSION = YES;
				CLANG_WARN_DEPRECATED_OBJC_IMPLEMENTATIONS = YES;
				CLANG_WARN_DIRECT_OBJC_ISA_USAGE = YES_ERROR;
				CLANG_WARN_DOCUMENTATION_COMMENTS = YES;
				CLANG_WARN_EMPTY_BODY = YES;
				CLANG_WARN_ENUM_CONVERSION = YES;
				CLANG_WARN_INFINITE_RECURSION = YES;
				CLANG_WARN_INT_CONVERSION = YES;
				CLANG_WARN_NON_LITERAL_NULL_CONVERSION = YES;
				CLANG_WARN_OBJC_IMPLICIT_RETAIN_SELF = YES;
				CLANG_WARN_OBJC_LITERAL_CONVERSION = YES;
				CLANG_WARN_OBJC_ROOT_CLASS = YES_ERROR;
				CLANG_WARN_QUOTED_INCLUDE_IN_FRAMEWORK_HEADER = YES;
				CLANG_WARN_RANGE_LOOP_ANALYSIS = YES;
				CLANG_WARN_STRICT_PROTOTYPES = YES;
				CLANG_WARN_SUSPICIOUS_MOVE = YES;
				CLANG_WARN_UNGUARDED_AVAILABILITY = YES_AGGRESSIVE;
				CLANG_WARN_UNREACHABLE_CODE = YES;
				CLANG_WARN__DUPLICATE_METHOD_MATCH = YES;
				COPY_PHASE_STRIP = NO;
				DEBUG_INFORMATION_FORMAT = dwarf;
				ENABLE_STRICT_OBJC_MSGSEND = YES;
				ENABLE_TESTABILITY = YES;
				GCC_C_LANGUAGE_STANDARD = gnu11;
				GCC_DYNAMIC_NO_PIC = NO;
				GCC_NO_COMMON_BLOCKS = YES;
				GCC_OPTIMIZATION_LEVEL = 0;
				GCC_PREPROCESSOR_DEFINITIONS = (
					"DEBUG=1",
					"$(inherited)",
				);
				GCC_WARN_64_TO_32_BIT_CONVERSION = YES;
				GCC_WARN_ABOUT_RETURN_TYPE = YES_ERROR;
				GCC_WARN_UNDECLARED_SELECTOR = YES;
				GCC_WARN_UNINITIALIZED_AUTOS = YES_AGGRESSIVE;
				GCC_WARN_UNUSED_FUNCTION = YES;
				GCC_WARN_UNUSED_VARIABLE = YES;
				IPHONEOS_DEPLOYMENT_TARGET = 16.2;
				MTL_ENABLE_DEBUG_INFO = INCLUDE_SOURCE;
				MTL_FAST_MATH = YES;
				ONLY_ACTIVE_ARCH = YES;
				SDKROOT = iphoneos;
				SWIFT_ACTIVE_COMPILATION_CONDITIONS = DEBUG;
				SWIFT_OPTIMIZATION_LEVEL = "-Onone";
			};
			name = Debug;
		};
		18BDD25129C8CE94007C79F9 /* Release */ = {
			isa = XCBuildConfiguration;
			buildSettings = {
				ALWAYS_SEARCH_USER_PATHS = NO;
				CLANG_ANALYZER_NONNULL = YES;
				CLANG_ANALYZER_NUMBER_OBJECT_CONVERSION = YES_AGGRESSIVE;
				CLANG_CXX_LANGUAGE_STANDARD = "gnu++20";
				CLANG_ENABLE_MODULES = YES;
				CLANG_ENABLE_OBJC_ARC = YES;
				CLANG_ENABLE_OBJC_WEAK = YES;
				CLANG_WARN_BLOCK_CAPTURE_AUTORELEASING = YES;
				CLANG_WARN_BOOL_CONVERSION = YES;
				CLANG_WARN_COMMA = YES;
				CLANG_WARN_CONSTANT_CONVERSION = YES;
				CLANG_WARN_DEPRECATED_OBJC_IMPLEMENTATIONS = YES;
				CLANG_WARN_DIRECT_OBJC_ISA_USAGE = YES_ERROR;
				CLANG_WARN_DOCUMENTATION_COMMENTS = YES;
				CLANG_WARN_EMPTY_BODY = YES;
				CLANG_WARN_ENUM_CONVERSION = YES;
				CLANG_WARN_INFINITE_RECURSION = YES;
				CLANG_WARN_INT_CONVERSION = YES;
				CLANG_WARN_NON_LITERAL_NULL_CONVERSION = YES;
				CLANG_WARN_OBJC_IMPLICIT_RETAIN_SELF = YES;
				CLANG_WARN_OBJC_LITERAL_CONVERSION = YES;
				CLANG_WARN_OBJC_ROOT_CLASS = YES_ERROR;
				CLANG_WARN_QUOTED_INCLUDE_IN_FRAMEWORK_HEADER = YES;
				CLANG_WARN_RANGE_LOOP_ANALYSIS = YES;
				CLANG_WARN_STRICT_PROTOTYPES = YES;
				CLANG_WARN_SUSPICIOUS_MOVE = YES;
				CLANG_WARN_UNGUARDED_AVAILABILITY = YES_AGGRESSIVE;
				CLANG_WARN_UNREACHABLE_CODE = YES;
				CLANG_WARN__DUPLICATE_METHOD_MATCH = YES;
				COPY_PHASE_STRIP = NO;
				DEBUG_INFORMATION_FORMAT = "dwarf-with-dsym";
				ENABLE_NS_ASSERTIONS = NO;
				ENABLE_STRICT_OBJC_MSGSEND = YES;
				GCC_C_LANGUAGE_STANDARD = gnu11;
				GCC_NO_COMMON_BLOCKS = YES;
				GCC_WARN_64_TO_32_BIT_CONVERSION = YES;
				GCC_WARN_ABOUT_RETURN_TYPE = YES_ERROR;
				GCC_WARN_UNDECLARED_SELECTOR = YES;
				GCC_WARN_UNINITIALIZED_AUTOS = YES_AGGRESSIVE;
				GCC_WARN_UNUSED_FUNCTION = YES;
				GCC_WARN_UNUSED_VARIABLE = YES;
				IPHONEOS_DEPLOYMENT_TARGET = 16.2;
				MTL_ENABLE_DEBUG_INFO = NO;
				MTL_FAST_MATH = YES;
				SDKROOT = iphoneos;
				SWIFT_COMPILATION_MODE = wholemodule;
				SWIFT_OPTIMIZATION_LEVEL = "-O";
				VALIDATE_PRODUCT = YES;
			};
			name = Release;
		};
		18BDD25329C8CE94007C79F9 /* Debug */ = {
			isa = XCBuildConfiguration;
			buildSettings = {
				ASSETCATALOG_COMPILER_APPICON_NAME = AppIcon;
				ASSETCATALOG_COMPILER_GLOBAL_ACCENT_COLOR_NAME = AccentColor;
				CODE_SIGN_STYLE = Automatic;
				CURRENT_PROJECT_VERSION = 1;
				DEVELOPMENT_ASSET_PATHS = "\"TestProject/Preview Content\"";
				DEVELOPMENT_TEAM = JW6FGZ9C36;
				ENABLE_PREVIEWS = YES;
				GENERATE_INFOPLIST_FILE = YES;
				INFOPLIST_KEY_UIApplicationSceneManifest_Generation = YES;
				INFOPLIST_KEY_UIApplicationSupportsIndirectInputEvents = YES;
				INFOPLIST_KEY_UILaunchScreen_Generation = YES;
				INFOPLIST_KEY_UISupportedInterfaceOrientations_iPad = "UIInterfaceOrientationPortrait UIInterfaceOrientationPortraitUpsideDown UIInterfaceOrientationLandscapeLeft UIInterfaceOrientationLandscapeRight";
				INFOPLIST_KEY_UISupportedInterfaceOrientations_iPhone = "UIInterfaceOrientationPortrait UIInterfaceOrientationLandscapeLeft UIInterfaceOrientationLandscapeRight";
				LD_RUNPATH_SEARCH_PATHS = (
					"$(inherited)",
					"@executable_path/Frameworks",
				);
				MARKETING_VERSION = 1.0;
				PRODUCT_BUNDLE_IDENTIFIER = Zhaslan.TestProject;
				PRODUCT_NAME = "$(TARGET_NAME)";
				SWIFT_EMIT_LOC_STRINGS = YES;
				SWIFT_VERSION = 5.0;
				TARGETED_DEVICE_FAMILY = "1,2";
			};
			name = Debug;
		};
		18BDD25429C8CE94007C79F9 /* Release */ = {
			isa = XCBuildConfiguration;
			buildSettings = {
				ASSETCATALOG_COMPILER_APPICON_NAME = AppIcon;
				ASSETCATALOG_COMPILER_GLOBAL_ACCENT_COLOR_NAME = AccentColor;
				CODE_SIGN_STYLE = Automatic;
				CURRENT_PROJECT_VERSION = 1;
				DEVELOPMENT_ASSET_PATHS = "\"TestProject/Preview Content\"";
				DEVELOPMENT_TEAM = JW6FGZ9C36;
				ENABLE_PREVIEWS = YES;
				GENERATE_INFOPLIST_FILE = YES;
				INFOPLIST_KEY_UIApplicationSceneManifest_Generation = YES;
				INFOPLIST_KEY_UIApplicationSupportsIndirectInputEvents = YES;
				INFOPLIST_KEY_UILaunchScreen_Generation = YES;
				INFOPLIST_KEY_UISupportedInterfaceOrientations_iPad = "UIInterfaceOrientationPortrait UIInterfaceOrientationPortraitUpsideDown UIInterfaceOrientationLandscapeLeft UIInterfaceOrientationLandscapeRight";
				INFOPLIST_KEY_UISupportedInterfaceOrientations_iPhone = "UIInterfaceOrientationPortrait UIInterfaceOrientationLandscapeLeft UIInterfaceOrientationLandscapeRight";
				LD_RUNPATH_SEARCH_PATHS = (
					"$(inherited)",
					"@executable_path/Frameworks",
				);
				MARKETING_VERSION = 1.0;
				PRODUCT_BUNDLE_IDENTIFIER = Zhaslan.TestProject;
				PRODUCT_NAME = "$(TARGET_NAME)";
				SWIFT_EMIT_LOC_STRINGS = YES;
				SWIFT_VERSION = 5.0;
				TARGETED_DEVICE_FAMILY = "1,2";
			};
			name = Release;
		};
/* End XCBuildConfiguration section */

/* Begin XCConfigurationList section */
		18BDD23A29C8CE92007C79F9 /* Build configuration list for PBXProject "TestProject" */ = {
			isa = XCConfigurationList;
			buildConfigurations = (
				18BDD25029C8CE94007C79F9 /* Debug */,
				18BDD25129C8CE94007C79F9 /* Release */,
			);
			defaultConfigurationIsVisible = 0;
			defaultConfigurationName = Release;
		};
		18BDD25229C8CE94007C79F9 /* Build configuration list for PBXNativeTarget "TestProject" */ = {
			isa = XCConfigurationList;
			buildConfigurations = (
				18BDD25329C8CE94007C79F9 /* Debug */,
				18BDD25429C8CE94007C79F9 /* Release */,
			);
			defaultConfigurationIsVisible = 0;
			defaultConfigurationName = Release;
		};
/* End XCConfigurationList section */

/* Begin XCVersionGroup section */
		18BDD24D29C8CE94007C79F9 /* TestProject.xcdatamodeld */ = {
			isa = XCVersionGroup;
			children = (
				18BDD24E29C8CE94007C79F9 /* TestProject.xcdatamodel */,
			);
			currentVersion = 18BDD24E29C8CE94007C79F9 /* TestProject.xcdatamodel */;
			path = TestProject.xcdatamodeld;
			sourceTree = "<group>";
			versionGroupType = wrapper.xcdatamodel;
		};
/* End XCVersionGroup section */
	};
	rootObject = 18BDD23729C8CE92007C79F9 /* Project object */;
}
